// !$*UTF8*$!
{
	archiveVersion = 1;
	classes = {
	};
	objectVersion = 46;
	objects = {

/* Begin PBXBuildFile section */
		5AF160AF1C162A56004A63E0 /* main.m in Sources */ = {isa = PBXBuildFile; fileRef = 5AF160AE1C162A56004A63E0 /* main.m */; };
		5AF160B21C162A56004A63E0 /* AppDelegate.m in Sources */ = {isa = PBXBuildFile; fileRef = 5AF160B11C162A56004A63E0 /* AppDelegate.m */; };
		5AF160B51C162A56004A63E0 /* ViewController.m in Sources */ = {isa = PBXBuildFile; fileRef = 5AF160B41C162A56004A63E0 /* ViewController.m */; };
		5AF160B81C162A56004A63E0 /* Main.storyboard in Resources */ = {isa = PBXBuildFile; fileRef = 5AF160B61C162A56004A63E0 /* Main.storyboard */; };
		5AF160BB1C162A56004A63E0 /* HEVA_Coredata.xcdatamodeld in Sources */ = {isa = PBXBuildFile; fileRef = 5AF160B91C162A56004A63E0 /* HEVA_Coredata.xcdatamodeld */; };
		5AF160BD1C162A56004A63E0 /* Assets.xcassets in Resources */ = {isa = PBXBuildFile; fileRef = 5AF160BC1C162A56004A63E0 /* Assets.xcassets */; };
		5AF160C01C162A56004A63E0 /* LaunchScreen.storyboard in Resources */ = {isa = PBXBuildFile; fileRef = 5AF160BE1C162A56004A63E0 /* LaunchScreen.storyboard */; };
/* End PBXBuildFile section */

/* Begin PBXFileReference section */
		5AF160AA1C162A56004A63E0 /* HEVA Coredata.app */ = {isa = PBXFileReference; explicitFileType = wrapper.application; includeInIndex = 0; path = "HEVA Coredata.app"; sourceTree = BUILT_PRODUCTS_DIR; };
		5AF160AE1C162A56004A63E0 /* main.m */ = {isa = PBXFileReference; lastKnownFileType = sourcecode.c.objc; path = main.m; sourceTree = "<group>"; };
		5AF160B01C162A56004A63E0 /* AppDelegate.h */ = {isa = PBXFileReference; lastKnownFileType = sourcecode.c.h; path = AppDelegate.h; sourceTree = "<group>"; };
		5AF160B11C162A56004A63E0 /* AppDelegate.m */ = {isa = PBXFileReference; lastKnownFileType = sourcecode.c.objc; path = AppDelegate.m; sourceTree = "<group>"; };
		5AF160B31C162A56004A63E0 /* ViewController.h */ = {isa = PBXFileReference; lastKnownFileType = sourcecode.c.h; path = ViewController.h; sourceTree = "<group>"; };
		5AF160B41C162A56004A63E0 /* ViewController.m */ = {isa = PBXFileReference; lastKnownFileType = sourcecode.c.objc; path = ViewController.m; sourceTree = "<group>"; };
		5AF160B71C162A56004A63E0 /* Base */ = {isa = PBXFileReference; lastKnownFileType = file.storyboard; name = Base; path = Base.lproj/Main.storyboard; sourceTree = "<group>"; };
		5AF160BA1C162A56004A63E0 /* HEVA_Coredata.xcdatamodel */ = {isa = PBXFileReference; lastKnownFileType = wrapper.xcdatamodel; path = HEVA_Coredata.xcdatamodel; sourceTree = "<group>"; };
		5AF160BC1C162A56004A63E0 /* Assets.xcassets */ = {isa = PBXFileReference; lastKnownFileType = folder.assetcatalog; path = Assets.xcassets; sourceTree = "<group>"; };
		5AF160BF1C162A56004A63E0 /* Base */ = {isa = PBXFileReference; lastKnownFileType = file.storyboard; name = Base; path = Base.lproj/LaunchScreen.storyboard; sourceTree = "<group>"; };
		5AF160C11C162A56004A63E0 /* Info.plist */ = {isa = PBXFileReference; lastKnownFileType = text.plist.xml; path = Info.plist; sourceTree = "<group>"; };
/* End PBXFileReference section */

/* Begin PBXFrameworksBuildPhase section */
		5AF160A71C162A56004A63E0 /* Frameworks */ = {
			isa = PBXFrameworksBuildPhase;
			buildActionMask = 2147483647;
			files = (
			);
			runOnlyForDeploymentPostprocessing = 0;
		};
/* End PBXFrameworksBuildPhase section */

/* Begin PBXGroup section */
		5AF160A11C162A56004A63E0 = {
			isa = PBXGroup;
			children = (
				5AF160AC1C162A56004A63E0 /* HEVA Coredata */,
				5AF160AB1C162A56004A63E0 /* Products */,
			);
			sourceTree = "<group>";
		};
		5AF160AB1C162A56004A63E0 /* Products */ = {
			isa = PBXGroup;
			children = (
				5AF160AA1C162A56004A63E0 /* HEVA Coredata.app */,
			);
			name = Products;
			sourceTree = "<group>";
		};
		5AF160AC1C162A56004A63E0 /* HEVA Coredata */ = {
			isa = PBXGroup;
			children = (
				5AF160B01C162A56004A63E0 /* AppDelegate.h */,
				5AF160B11C162A56004A63E0 /* AppDelegate.m */,
				5AF160B31C162A56004A63E0 /* ViewController.h */,
				5AF160B41C162A56004A63E0 /* ViewController.m */,
				5AF160B61C162A56004A63E0 /* Main.storyboard */,
				5AF160BC1C162A56004A63E0 /* Assets.xcassets */,
				5AF160BE1C162A56004A63E0 /* LaunchScreen.storyboard */,
				5AF160C11C162A56004A63E0 /* Info.plist */,
				5AF160B91C162A56004A63E0 /* HEVA_Coredata.xcdatamodeld */,
				5AF160AD1C162A56004A63E0 /* Supporting Files */,
			);
			path = "HEVA Coredata";
			sourceTree = "<group>";
		};
		5AF160AD1C162A56004A63E0 /* Supporting Files */ = {
			isa = PBXGroup;
			children = (
				5AF160AE1C162A56004A63E0 /* main.m */,
			);
			name = "Supporting Files";
			sourceTree = "<group>";
		};
/* End PBXGroup section */

/* Begin PBXNativeTarget section */
		5AF160A91C162A56004A63E0 /* HEVA Coredata */ = {
			isa = PBXNativeTarget;
			buildConfigurationList = 5AF160C41C162A56004A63E0 /* Build configuration list for PBXNativeTarget "HEVA Coredata" */;
			buildPhases = (
				5AF160A61C162A56004A63E0 /* Sources */,
				5AF160A71C162A56004A63E0 /* Frameworks */,
				5AF160A81C162A56004A63E0 /* Resources */,
			);
			buildRules = (
			);
			dependencies = (
			);
			name = "HEVA Coredata";
			productName = "HEVA Coredata";
			productReference = 5AF160AA1C162A56004A63E0 /* HEVA Coredata.app */;
			productType = "com.apple.product-type.application";
		};
/* End PBXNativeTarget section */

/* Begin PBXProject section */
		5AF160A21C162A56004A63E0 /* Project object */ = {
			isa = PBXProject;
			attributes = {
				LastUpgradeCheck = 0710;
				ORGANIZATIONNAME = "Tanguy Hélesbeux";
				TargetAttributes = {
					5AF160A91C162A56004A63E0 = {
						CreatedOnToolsVersion = 7.1.1;
					};
				};
			};
			buildConfigurationList = 5AF160A51C162A56004A63E0 /* Build configuration list for PBXProject "HEVA Coredata" */;
			compatibilityVersion = "Xcode 3.2";
			developmentRegion = English;
			hasScannedForEncodings = 0;
			knownRegions = (
				en,
				Base,
			);
			mainGroup = 5AF160A11C162A56004A63E0;
			productRefGroup = 5AF160AB1C162A56004A63E0 /* Products */;
			projectDirPath = "";
			projectRoot = "";
			targets = (
				5AF160A91C162A56004A63E0 /* HEVA Coredata */,
			);
		};
/* End PBXProject section */

/* Begin PBXResourcesBuildPhase section */
		5AF160A81C162A56004A63E0 /* Resources */ = {
			isa = PBXResourcesBuildPhase;
			buildActionMask = 2147483647;
			files = (
				5AF160C01C162A56004A63E0 /* LaunchScreen.storyboard in Resources */,
				5AF160BD1C162A56004A63E0 /* Assets.xcassets in Resources */,
				5AF160B81C162A56004A63E0 /* Main.storyboard in Resources */,
			);
			runOnlyForDeploymentPostprocessing = 0;
		};
/* End PBXResourcesBuildPhase section */

/* Begin PBXSourcesBuildPhase section */
		5AF160A61C162A56004A63E0 /* Sources */ = {
			isa = PBXSourcesBuildPhase;
			buildActionMask = 2147483647;
			files = (
				5AF160BB1C162A56004A63E0 /* HEVA_Coredata.xcdatamodeld in Sources */,
				5AF160B51C162A56004A63E0 /* ViewController.m in Sources */,
				5AF160B21C162A56004A63E0 /* AppDelegate.m in Sources */,
				5AF160AF1C162A56004A63E0 /* main.m in Sources */,
			);
			runOnlyForDeploymentPostprocessing = 0;
		};
/* End PBXSourcesBuildPhase section */

/* Begin PBXVariantGroup section */
		5AF160B61C162A56004A63E0 /* Main.storyboard */ = {
			isa = PBXVariantGroup;
			children = (
				5AF160B71C162A56004A63E0 /* Base */,
			);
			name = Main.storyboard;
			sourceTree = "<group>";
		};
		5AF160BE1C162A56004A63E0 /* LaunchScreen.storyboard */ = {
			isa = PBXVariantGroup;
			children = (
				5AF160BF1C162A56004A63E0 /* Base */,
			);
			name = LaunchScreen.storyboard;
			sourceTree = "<group>";
		};
/* End PBXVariantGroup section */

/* Begin XCBuildConfiguration section */
		5AF160C21C162A56004A63E0 /* Debug */ = {
			isa = XCBuildConfiguration;
			buildSettings = {
				ALWAYS_SEARCH_USER_PATHS = NO;
				CLANG_CXX_LANGUAGE_STANDARD = "gnu++0x";
				CLANG_CXX_LIBRARY = "libc++";
				CLANG_ENABLE_MODULES = YES;
				CLANG_ENABLE_OBJC_ARC = YES;
				CLANG_WARN_BOOL_CONVERSION = YES;
				CLANG_WARN_CONSTANT_CONVERSION = YES;
				CLANG_WARN_DIRECT_OBJC_ISA_USAGE = YES_ERROR;
				CLANG_WARN_EMPTY_BODY = YES;
				CLANG_WARN_ENUM_CONVERSION = YES;
				CLANG_WARN_INT_CONVERSION = YES;
				CLANG_WARN_OBJC_ROOT_CLASS = YES_ERROR;
				CLANG_WARN_UNREACHABLE_CODE = YES;
				CLANG_WARN__DUPLICATE_METHOD_MATCH = YES;
				"CODE_SIGN_IDENTITY[sdk=iphoneos*]" = "iPhone Developer";
				COPY_PHASE_STRIP = NO;
				DEBUG_INFORMATION_FORMAT = dwarf;
				ENABLE_STRICT_OBJC_MSGSEND = YES;
				ENABLE_TESTABILITY = YES;
				GCC_C_LANGUAGE_STANDARD = gnu99;
				GCC_DYNAMIC_NO_PIC = NO;
				GCC_NO_COMMON_BLOCKS = YES;
				GCC_OPTIMIZATION_LEVEL = 0;
				GCC_PREPROCESSOR_DEFINITIONS = (
					"DEBUG=1",
					"$(inherited)",
				);
				GCC_WARN_64_TO_32_BIT_CONVERSION = YES;
				GCC_WARN_ABOUT_RETURN_TYPE = YES_ERROR;
				GCC_WARN_UNDECLARED_SELECTOR = YES;
				GCC_WARN_UNINITIALIZED_AUTOS = YES_AGGRESSIVE;
				GCC_WARN_UNUSED_FUNCTION = YES;
				GCC_WARN_UNUSED_VARIABLE = YES;
				IPHONEOS_DEPLOYMENT_TARGET = 9.1;
				MTL_ENABLE_DEBUG_INFO = YES;
				ONLY_ACTIVE_ARCH = YES;
				SDKROOT = iphoneos;
				TARGETED_DEVICE_FAMILY = 2;
			};
			name = Debug;
		};
		5AF160C31C162A56004A63E0 /* Release */ = {
			isa = XCBuildConfiguration;
			buildSettings = {
				ALWAYS_SEARCH_USER_PATHS = NO;
				CLANG_CXX_LANGUAGE_STANDARD = "gnu++0x";
				CLANG_CXX_LIBRARY = "libc++";
				CLANG_ENABLE_MODULES = YES;
				CLANG_ENABLE_OBJC_ARC = YES;
				CLANG_WARN_BOOL_CONVERSION = YES;
				CLANG_WARN_CONSTANT_CONVERSION = YES;
				CLANG_WARN_DIRECT_OBJC_ISA_USAGE = YES_ERROR;
				CLANG_WARN_EMPTY_BODY = YES;
				CLANG_WARN_ENUM_CONVERSION = YES;
				CLANG_WARN_INT_CONVERSION = YES;
				CLANG_WARN_OBJC_ROOT_CLASS = YES_ERROR;
				CLANG_WARN_UNREACHABLE_CODE = YES;
				CLANG_WARN__DUPLICATE_METHOD_MATCH = YES;
				"CODE_SIGN_IDENTITY[sdk=iphoneos*]" = "iPhone Developer";
				COPY_PHASE_STRIP = NO;
				DEBUG_INFORMATION_FORMAT = "dwarf-with-dsym";
				ENABLE_NS_ASSERTIONS = NO;
				ENABLE_STRICT_OBJC_MSGSEND = YES;
				GCC_C_LANGUAGE_STANDARD = gnu99;
				GCC_NO_COMMON_BLOCKS = YES;
				GCC_WARN_64_TO_32_BIT_CONVERSION = YES;
				GCC_WARN_ABOUT_RETURN_TYPE = YES_ERROR;
				GCC_WARN_UNDECLARED_SELECTOR = YES;
				GCC_WARN_UNINITIALIZED_AUTOS = YES_AGGRESSIVE;
				GCC_WARN_UNUSED_FUNCTION = YES;
				GCC_WARN_UNUSED_VARIABLE = YES;
				IPHONEOS_DEPLOYMENT_TARGET = 9.1;
				MTL_ENABLE_DEBUG_INFO = NO;
				SDKROOT = iphoneos;
				TARGETED_DEVICE_FAMILY = 2;
				VALIDATE_PRODUCT = YES;
			};
			name = Release;
		};
		5AF160C51C162A56004A63E0 /* Debug */ = {
			isa = XCBuildConfiguration;
			buildSettings = {
				ASSETCATALOG_COMPILER_APPICON_NAME = AppIcon;
				INFOPLIST_FILE = "HEVA Coredata/Info.plist";
				LD_RUNPATH_SEARCH_PATHS = "$(inherited) @executable_path/Frameworks";
				PRODUCT_BUNDLE_IDENTIFIER = "com.helesbeux.HEVA-Coredata";
				PRODUCT_NAME = "$(TARGET_NAME)";
			};
			name = Debug;
		};
		5AF160C61C162A56004A63E0 /* Release */ = {
			isa = XCBuildConfiguration;
			buildSettings = {
				ASSETCATALOG_COMPILER_APPICON_NAME = AppIcon;
				INFOPLIST_FILE = "HEVA Coredata/Info.plist";
				LD_RUNPATH_SEARCH_PATHS = "$(inherited) @executable_path/Frameworks";
				PRODUCT_BUNDLE_IDENTIFIER = "com.helesbeux.HEVA-Coredata";
				PRODUCT_NAME = "$(TARGET_NAME)";
			};
			name = Release;
		};
/* End XCBuildConfiguration section */

/* Begin XCConfigurationList section */
		5AF160A51C162A56004A63E0 /* Build configuration list for PBXProject "HEVA Coredata" */ = {
			isa = XCConfigurationList;
			buildConfigurations = (
				5AF160C21C162A56004A63E0 /* Debug */,
				5AF160C31C162A56004A63E0 /* Release */,
			);
			defaultConfigurationIsVisible = 0;
			defaultConfigurationName = Release;
		};
		5AF160C41C162A56004A63E0 /* Build configuration list for PBXNativeTarget "HEVA Coredata" */ = {
			isa = XCConfigurationList;
			buildConfigurations = (
				5AF160C51C162A56004A63E0 /* Debug */,
				5AF160C61C162A56004A63E0 /* Release */,
			);
			defaultConfigurationIsVisible = 0;
		};
/* End XCConfigurationList section */

/* Begin XCVersionGroup section */
		5AF160B91C162A56004A63E0 /* HEVA_Coredata.xcdatamodeld */ = {
			isa = XCVersionGroup;
			children = (
				5AF160BA1C162A56004A63E0 /* HEVA_Coredata.xcdatamodel */,
			);
			currentVersion = 5AF160BA1C162A56004A63E0 /* HEVA_Coredata.xcdatamodel */;
			path = HEVA_Coredata.xcdatamodeld;
			sourceTree = "<group>";
			versionGroupType = wrapper.xcdatamodel;
		};
/* End XCVersionGroup section */
	};
	rootObject = 5AF160A21C162A56004A63E0 /* Project object */;
}
